
Microsoft Visual Studio Solution File, Format Version 12.00
# Visual Studio Version 16
VisualStudioVersion = 16.0.30114.105
MinimumVisualStudioVersion = 10.0.40219.1
Project("{FAE04EC0-301F-11D3-BF4B-00C04F79EFBC}") = "SocialApp.WebApi", "SocialApp.WebApi\SocialApp.WebApi.csproj", "{8674E4BF-DA5C-4B93-AB5F-DCE7C9830FFE}"
EndProject
Project("{FAE04EC0-301F-11D3-BF4B-00C04F79EFBC}") = "SocialApp.Domain.Posts", "SocialApp.Domain.Posts\SocialApp.Domain.Posts.csproj", "{DEC05671-3575-4B56-B9BB-78A6F135DF71}"
EndProject
Project("{FAE04EC0-301F-11D3-BF4B-00C04F79EFBC}") = "SocialApp.Domain.Users", "SocialApp.Domain.Users\SocialApp.Domain.Users.csproj", "{1129BAF8-4CA2-4897-97AB-12B6572EC19F}"
EndProject
Project("{FAE04EC0-301F-11D3-BF4B-00C04F79EFBC}") = "SocialApp.Infrastructure.Mongo", "SocialApp.Infrastructure.Mongo\SocialApp.Infrastructure.Mongo.csproj", "{912FBB3A-6426-4C46-BA0A-BDF44E96581E}"
EndProject
Project("{FAE04EC0-301F-11D3-BF4B-00C04F79EFBC}") = "SocialApp.Application.Posts", "SocialApp.Application.Posts\SocialApp.Application.Posts.csproj", "{54ED5E6A-15EA-4EF2-9CE4-337D7712B49C}"
EndProject
Project("{FAE04EC0-301F-11D3-BF4B-00C04F79EFBC}") = "SocialApp.Application.Users", "SocialApp.Application.Users\SocialApp.Application.Users.csproj", "{00C6A30D-3F4D-4B27-8FC1-E68B0CFAFEA9}"
EndProject
Project("{FAE04EC0-301F-11D3-BF4B-00C04F79EFBC}") = "SocialApp.Domain.Common", "SocialApp.Domain.Common\SocialApp.Domain.Common.csproj", "{D9B7054D-DCFF-4662-B407-0C624D805EDB}"
EndProject
Global
	GlobalSection(SolutionConfigurationPlatforms) = preSolution
		Debug|Any CPU = Debug|Any CPU
		Release|Any CPU = Release|Any CPU
	EndGlobalSection
	GlobalSection(SolutionProperties) = preSolution
		HideSolutionNode = FALSE
	EndGlobalSection
	GlobalSection(ProjectConfigurationPlatforms) = postSolution
		{8674E4BF-DA5C-4B93-AB5F-DCE7C9830FFE}.Debug|Any CPU.ActiveCfg = Debug|Any CPU
		{8674E4BF-DA5C-4B93-AB5F-DCE7C9830FFE}.Debug|Any CPU.Build.0 = Debug|Any CPU
		{8674E4BF-DA5C-4B93-AB5F-DCE7C9830FFE}.Release|Any CPU.ActiveCfg = Release|Any CPU
		{8674E4BF-DA5C-4B93-AB5F-DCE7C9830FFE}.Release|Any CPU.Build.0 = Release|Any CPU
		{DEC05671-3575-4B56-B9BB-78A6F135DF71}.Debug|Any CPU.ActiveCfg = Debug|Any CPU
		{DEC05671-3575-4B56-B9BB-78A6F135DF71}.Debug|Any CPU.Build.0 = Debug|Any CPU
		{DEC05671-3575-4B56-B9BB-78A6F135DF71}.Release|Any CPU.ActiveCfg = Release|Any CPU
		{DEC05671-3575-4B56-B9BB-78A6F135DF71}.Release|Any CPU.Build.0 = Release|Any CPU
		{1129BAF8-4CA2-4897-97AB-12B6572EC19F}.Debug|Any CPU.ActiveCfg = Debug|Any CPU
		{1129BAF8-4CA2-4897-97AB-12B6572EC19F}.Debug|Any CPU.Build.0 = Debug|Any CPU
		{1129BAF8-4CA2-4897-97AB-12B6572EC19F}.Release|Any CPU.ActiveCfg = Release|Any CPU
		{1129BAF8-4CA2-4897-97AB-12B6572EC19F}.Release|Any CPU.Build.0 = Release|Any CPU
		{912FBB3A-6426-4C46-BA0A-BDF44E96581E}.Debug|Any CPU.ActiveCfg = Debug|Any CPU
		{912FBB3A-6426-4C46-BA0A-BDF44E96581E}.Debug|Any CPU.Build.0 = Debug|Any CPU
		{912FBB3A-6426-4C46-BA0A-BDF44E96581E}.Release|Any CPU.ActiveCfg = Release|Any CPU
		{912FBB3A-6426-4C46-BA0A-BDF44E96581E}.Release|Any CPU.Build.0 = Release|Any CPU
		{54ED5E6A-15EA-4EF2-9CE4-337D7712B49C}.Debug|Any CPU.ActiveCfg = Debug|Any CPU
		{54ED5E6A-15EA-4EF2-9CE4-337D7712B49C}.Debug|Any CPU.Build.0 = Debug|Any CPU
		{54ED5E6A-15EA-4EF2-9CE4-337D7712B49C}.Release|Any CPU.ActiveCfg = Release|Any CPU
		{54ED5E6A-15EA-4EF2-9CE4-337D7712B49C}.Release|Any CPU.Build.0 = Release|Any CPU
		{00C6A30D-3F4D-4B27-8FC1-E68B0CFAFEA9}.Debug|Any CPU.ActiveCfg = Debug|Any CPU
		{00C6A30D-3F4D-4B27-8FC1-E68B0CFAFEA9}.Debug|Any CPU.Build.0 = Debug|Any CPU
		{00C6A30D-3F4D-4B27-8FC1-E68B0CFAFEA9}.Release|Any CPU.ActiveCfg = Release|Any CPU
		{00C6A30D-3F4D-4B27-8FC1-E68B0CFAFEA9}.Release|Any CPU.Build.0 = Release|Any CPU
		{D9B7054D-DCFF-4662-B407-0C624D805EDB}.Debug|Any CPU.ActiveCfg = Debug|Any CPU
		{D9B7054D-DCFF-4662-B407-0C624D805EDB}.Debug|Any CPU.Build.0 = Debug|Any CPU
		{D9B7054D-DCFF-4662-B407-0C624D805EDB}.Release|Any CPU.ActiveCfg = Release|Any CPU
		{D9B7054D-DCFF-4662-B407-0C624D805EDB}.Release|Any CPU.Build.0 = Release|Any CPU
	EndGlobalSection
EndGlobal
